{
  "version": 4,
  "terraform_version": "1.15.6",
  "serial": 16,
  "lineage": "e7ecd57c-60e8-f723-2b23-b20cb87b00a0",
  "outputs": {},
  "resources": [
    {
      "mode": "managed",
      "type": "docker_image",
      "name": "postgres",
      "provider": "provider[\"registry.terraform.io/kreuzwerker/docker\"]",
      "instances": [
        {
          "schema_version": 0,
          "attributes": {
            "build": [],
            "force_remove": null,
            "id": "sha256:c0eb29927f0e8590eac49c9d5bf9c5ebf87f4e6e7273e0a9270218e6b73795eepostgres:18-alpine",
            "image_id": "sha256:c0eb29927f0e8590eac49c9d5bf9c5ebf87f4e6e7273e0a9270218e6b73795ee",
            "keep_locally": false,
            "name": "postgres:18-alpine",
            "platform": null,
            "pull_triggers": null,
            "repo_digest": "postgres@sha256:96d56f7f57c6aacd1fcb908bc83b345ec5f83231ee486dd66a1baadce274db88",
            "timeouts": null,
            "triggers": null
          },
          "sensitive_attributes": [],
          "identity_schema_version": 0,
          "private": "eyJlMmJmYjczMC1lY2FhLTExZTYtOGY4OC0zNDM2M2JjN2M0YzAiOnsiY3JlYXRlIjoxMjAwMDAwMDAwMDAwLCJkZWxldGUiOjEyMDAwMDAwMDAwMDAsInVwZGF0ZSI6MTIwMDAwMDAwMDAwMH19"
        }
      ]
    }
  ],
  "check_results": null
}
